
Microsoft Visual Studio Solution File, Format Version 12.00
Project("{FAE04EC0-301F-11D3-BF4B-00C04F79EFBC}") = "StructuralDesignPattern", "StructuralDesignPattern\StructuralDesignPattern.csproj", "{574C5133-FAB1-4836-A853-7EE43C0CB362}"
EndProject
Global
	GlobalSection(SolutionConfigurationPlatforms) = preSolution
		Debug|Any CPU = Debug|Any CPU
		Release|Any CPU = Release|Any CPU
	EndGlobalSection
	GlobalSection(ProjectConfigurationPlatforms) = postSolution
		{574C5133-FAB1-4836-A853-7EE43C0CB362}.Debug|Any CPU.ActiveCfg = Debug|Any CPU
		{574C5133-FAB1-4836-A853-7EE43C0CB362}.Debug|Any CPU.Build.0 = Debug|Any CPU
		{574C5133-FAB1-4836-A853-7EE43C0CB362}.Release|Any CPU.ActiveCfg = Release|Any CPU
		{574C5133-FAB1-4836-A853-7EE43C0CB362}.Release|Any CPU.Build.0 = Release|Any CPU
	EndGlobalSection
EndGlobal
