
Microsoft Visual Studio Solution File, Format Version 12.00
Project("{FAE04EC0-301F-11D3-BF4B-00C04F79EFBC}") = "WorkEngineKata", "WorkEngineKata\WorkEngineKata.csproj", "{047161D0-7D10-4AF2-8168-092D9CC7D46C}"
EndProject
Project("{FAE04EC0-301F-11D3-BF4B-00C04F79EFBC}") = "TestProject2", "TestProject2\TestProject2.csproj", "{5561F365-B896-4911-BB94-6D3C5D8347EB}"
EndProject
Global
	GlobalSection(SolutionConfigurationPlatforms) = preSolution
		Debug|Any CPU = Debug|Any CPU
		Release|Any CPU = Release|Any CPU
	EndGlobalSection
	GlobalSection(ProjectConfigurationPlatforms) = postSolution
		{047161D0-7D10-4AF2-8168-092D9CC7D46C}.Debug|Any CPU.ActiveCfg = Debug|Any CPU
		{047161D0-7D10-4AF2-8168-092D9CC7D46C}.Debug|Any CPU.Build.0 = Debug|Any CPU
		{047161D0-7D10-4AF2-8168-092D9CC7D46C}.Release|Any CPU.ActiveCfg = Release|Any CPU
		{047161D0-7D10-4AF2-8168-092D9CC7D46C}.Release|Any CPU.Build.0 = Release|Any CPU
		{5561F365-B896-4911-BB94-6D3C5D8347EB}.Debug|Any CPU.ActiveCfg = Debug|Any CPU
		{5561F365-B896-4911-BB94-6D3C5D8347EB}.Debug|Any CPU.Build.0 = Debug|Any CPU
		{5561F365-B896-4911-BB94-6D3C5D8347EB}.Release|Any CPU.ActiveCfg = Release|Any CPU
		{5561F365-B896-4911-BB94-6D3C5D8347EB}.Release|Any CPU.Build.0 = Release|Any CPU
	EndGlobalSection
EndGlobal
