
Microsoft Visual Studio Solution File, Format Version 12.00
Project("{FAE04EC0-301F-11D3-BF4B-00C04F79EFBC}") = "StackKata", "StackKata\StackKata.csproj", "{380E008B-8724-4A9C-B081-0C1B0297955E}"
EndProject
Project("{FAE04EC0-301F-11D3-BF4B-00C04F79EFBC}") = "StackTests", "StackTests\StackTests.csproj", "{B011897F-5DCD-4E9A-BC53-B5F95649ECD0}"
EndProject
Global
	GlobalSection(SolutionConfigurationPlatforms) = preSolution
		Debug|Any CPU = Debug|Any CPU
		Release|Any CPU = Release|Any CPU
	EndGlobalSection
	GlobalSection(ProjectConfigurationPlatforms) = postSolution
		{380E008B-8724-4A9C-B081-0C1B0297955E}.Debug|Any CPU.ActiveCfg = Debug|Any CPU
		{380E008B-8724-4A9C-B081-0C1B0297955E}.Debug|Any CPU.Build.0 = Debug|Any CPU
		{380E008B-8724-4A9C-B081-0C1B0297955E}.Release|Any CPU.ActiveCfg = Release|Any CPU
		{380E008B-8724-4A9C-B081-0C1B0297955E}.Release|Any CPU.Build.0 = Release|Any CPU
		{B011897F-5DCD-4E9A-BC53-B5F95649ECD0}.Debug|Any CPU.ActiveCfg = Debug|Any CPU
		{B011897F-5DCD-4E9A-BC53-B5F95649ECD0}.Debug|Any CPU.Build.0 = Debug|Any CPU
		{B011897F-5DCD-4E9A-BC53-B5F95649ECD0}.Release|Any CPU.ActiveCfg = Release|Any CPU
		{B011897F-5DCD-4E9A-BC53-B5F95649ECD0}.Release|Any CPU.Build.0 = Release|Any CPU
	EndGlobalSection
EndGlobal
