
Microsoft Visual Studio Solution File, Format Version 12.00
Project("{FAE04EC0-301F-11D3-BF4B-00C04F79EFBC}") = "TDD", "TDD\TDD.csproj", "{10C648F0-D6C4-47AC-88E0-7E82B8649BFF}"
EndProject
Project("{FAE04EC0-301F-11D3-BF4B-00C04F79EFBC}") = "TDD.tests", "TDD.tests\TDD.tests.csproj", "{AABE0AAE-280B-44F3-92AD-E986A8A87C99}"
EndProject
Global
	GlobalSection(SolutionConfigurationPlatforms) = preSolution
		Debug|Any CPU = Debug|Any CPU
		Release|Any CPU = Release|Any CPU
	EndGlobalSection
	GlobalSection(ProjectConfigurationPlatforms) = postSolution
		{10C648F0-D6C4-47AC-88E0-7E82B8649BFF}.Debug|Any CPU.ActiveCfg = Debug|Any CPU
		{10C648F0-D6C4-47AC-88E0-7E82B8649BFF}.Debug|Any CPU.Build.0 = Debug|Any CPU
		{10C648F0-D6C4-47AC-88E0-7E82B8649BFF}.Release|Any CPU.ActiveCfg = Release|Any CPU
		{10C648F0-D6C4-47AC-88E0-7E82B8649BFF}.Release|Any CPU.Build.0 = Release|Any CPU
		{AABE0AAE-280B-44F3-92AD-E986A8A87C99}.Debug|Any CPU.ActiveCfg = Debug|Any CPU
		{AABE0AAE-280B-44F3-92AD-E986A8A87C99}.Debug|Any CPU.Build.0 = Debug|Any CPU
		{AABE0AAE-280B-44F3-92AD-E986A8A87C99}.Release|Any CPU.ActiveCfg = Release|Any CPU
		{AABE0AAE-280B-44F3-92AD-E986A8A87C99}.Release|Any CPU.Build.0 = Release|Any CPU
	EndGlobalSection
EndGlobal
