
Microsoft Visual Studio Solution File, Format Version 12.00
Project("{FAE04EC0-301F-11D3-BF4B-00C04F79EFBC}") = "StackOverflowPost", "StackOverflowPost\StackOverflowPost.csproj", "{42EC3082-CB2A-494E-866B-8BDF6BBEE50C}"
EndProject
Project("{FAE04EC0-301F-11D3-BF4B-00C04F79EFBC}") = "StackOverflowPostTests", "StackOverflowPostTests\StackOverflowPostTests.csproj", "{C43848B5-DC5C-4EB3-BE59-60EC1BE0BC6E}"
EndProject
Global
	GlobalSection(SolutionConfigurationPlatforms) = preSolution
		Debug|Any CPU = Debug|Any CPU
		Release|Any CPU = Release|Any CPU
	EndGlobalSection
	GlobalSection(ProjectConfigurationPlatforms) = postSolution
		{42EC3082-CB2A-494E-866B-8BDF6BBEE50C}.Debug|Any CPU.ActiveCfg = Debug|Any CPU
		{42EC3082-CB2A-494E-866B-8BDF6BBEE50C}.Debug|Any CPU.Build.0 = Debug|Any CPU
		{42EC3082-CB2A-494E-866B-8BDF6BBEE50C}.Release|Any CPU.ActiveCfg = Release|Any CPU
		{42EC3082-CB2A-494E-866B-8BDF6BBEE50C}.Release|Any CPU.Build.0 = Release|Any CPU
		{C43848B5-DC5C-4EB3-BE59-60EC1BE0BC6E}.Debug|Any CPU.ActiveCfg = Debug|Any CPU
		{C43848B5-DC5C-4EB3-BE59-60EC1BE0BC6E}.Debug|Any CPU.Build.0 = Debug|Any CPU
		{C43848B5-DC5C-4EB3-BE59-60EC1BE0BC6E}.Release|Any CPU.ActiveCfg = Release|Any CPU
		{C43848B5-DC5C-4EB3-BE59-60EC1BE0BC6E}.Release|Any CPU.Build.0 = Release|Any CPU
	EndGlobalSection
EndGlobal
